
Microsoft Visual Studio Solution File, Format Version 10.00
# Visual Studio 2008
Project("{FAE04EC0-301F-11D3-BF4B-00C04F79EFBC}") = "AutoLayoutApplication", "AutoLayoutApplication.csproj", "{BF45783A-8A0D-4BEB-BBAC-B850A53DD379}"
EndProject
Global
	GlobalSection(SolutionConfigurationPlatforms) = preSolution
		Debug|Any CPU = Debug|Any CPU
		Release|Any CPU = Release|Any CPU
	EndGlobalSection
	GlobalSection(ProjectConfigurationPlatforms) = postSolution
		{BF45783A-8A0D-4BEB-BBAC-B850A53DD379}.Debug|Any CPU.ActiveCfg = Debug|Any CPU
		{BF45783A-8A0D-4BEB-BBAC-B850A53DD379}.Debug|Any CPU.Build.0 = Debug|Any CPU
		{BF45783A-8A0D-4BEB-BBAC-B850A53DD379}.Release|Any CPU.ActiveCfg = Release|Any CPU
		{BF45783A-8A0D-4BEB-BBAC-B850A53DD379}.Release|Any CPU.Build.0 = Release|Any CPU
	EndGlobalSection
	GlobalSection(SolutionProperties) = preSolution
		HideSolutionNode = FALSE
	EndGlobalSection
EndGlobal
